{
  "name": "packages",
  "version": "1.0.0",
  "lockfileVersion": 2,
  "requires": true,
  "packages": {
    "": {
      "name": "packages",
      "version": "1.0.0",
      "license": "ISC",
      "dependencies": {
        "@stackblitz/sdk": "^1.8.1",
        "@webcontainer/api": "^0.0.8",
        "@webcontainer/env": "^1.0.1"
      }
    },
    "node_modules/@stackblitz/sdk": {
      "version": "1.8.1",
      "resolved": "https://registry.npmjs.org/@stackblitz/sdk/-/sdk-1.8.1.tgz",
      "integrity": "sha512-hjYfjOLQBNDzqPD5AkGJOD7j+uvFwGocDTmwNqmLCWR5EY7BDtcOtDY2M+91v/twYWWNvI7N8UNIgojCPNgzMA=="
    },
    "node_modules/@webcontainer/api": {
      "version": "0.0.8",
      "resolved": "https://registry.npmjs.org/@webcontainer/api/-/api-0.0.8.tgz",
      "integrity": "sha512-t285UFNMzz8mmJlfAP/mloJlN+rHuu5jmFCNW05WGT3FzJ0sNseU6WN5+TiTtWIfjiUfLPtJI6ndsgiTujkXAw=="
    },
    "node_modules/@webcontainer/env": {
      "version": "1.0.1",
      "resolved": "https://registry.npmjs.org/@webcontainer/env/-/env-1.0.1.tgz",
      "integrity": "sha512-q5sD2asa7IY/elCA37zbzTH1DiiIooTuUcW9O5Zvrtfyy7PtqAmPpgpDCbWzA/fRWShfUnPp6yDzmpq5K4YtjA=="
    }
  },
  "dependencies": {
    "@stackblitz/sdk": {
      "version": "1.8.1",
      "resolved": "https://registry.npmjs.org/@stackblitz/sdk/-/sdk-1.8.1.tgz",
      "integrity": "sha512-hjYfjOLQBNDzqPD5AkGJOD7j+uvFwGocDTmwNqmLCWR5EY7BDtcOtDY2M+91v/twYWWNvI7N8UNIgojCPNgzMA=="
    },
    "@webcontainer/api": {
      "version": "0.0.8",
      "resolved": "https://registry.npmjs.org/@webcontainer/api/-/api-0.0.8.tgz",
      "integrity": "sha512-t285UFNMzz8mmJlfAP/mloJlN+rHuu5jmFCNW05WGT3FzJ0sNseU6WN5+TiTtWIfjiUfLPtJI6ndsgiTujkXAw=="
    },
    "@webcontainer/env": {
      "version": "1.0.1",
      "resolved": "https://registry.npmjs.org/@webcontainer/env/-/env-1.0.1.tgz",
      "integrity": "sha512-q5sD2asa7IY/elCA37zbzTH1DiiIooTuUcW9O5Zvrtfyy7PtqAmPpgpDCbWzA/fRWShfUnPp6yDzmpq5K4YtjA=="
    }
  }
}
